// !$*UTF8*$!
{
	archiveVersion = 1;
	classes = {
	};
	objectVersion = 56;
	objects = {

/* Begin PBXBuildFile section */
		0E1AE6FE2B7E185B001C9A30 /* Font+.swift in Sources */ = {isa = PBXBuildFile; fileRef = 0E1AE6FD2B7E185B001C9A30 /* Font+.swift */; };
		0E1AE7002B7E1880001C9A30 /* MainView.swift in Sources */ = {isa = PBXBuildFile; fileRef = 0E1AE6FF2B7E1880001C9A30 /* MainView.swift */; };
		0E1AE7032B7E1892001C9A30 /* PlantView.swift in Sources */ = {isa = PBXBuildFile; fileRef = 0E1AE7022B7E1892001C9A30 /* PlantView.swift */; };
		0E1AE7052B7E18AF001C9A30 /* PlantPotView.swift in Sources */ = {isa = PBXBuildFile; fileRef = 0E1AE7042B7E18AF001C9A30 /* PlantPotView.swift */; };
		0E2D96C32B635759006CAAC4 /* Realm in Frameworks */ = {isa = PBXBuildFile; productRef = 0E2D96C22B635759006CAAC4 /* Realm */; };
		0E2D96C52B635759006CAAC4 /* RealmSwift in Frameworks */ = {isa = PBXBuildFile; productRef = 0E2D96C42B635759006CAAC4 /* RealmSwift */; };
		0EADEA582B7DEB0C0036D190 /* ground_maple.usdz in Resources */ = {isa = PBXBuildFile; fileRef = 0EADEA532B7DEB0C0036D190 /* ground_maple.usdz */; };
		0EADEA592B7DEB0C0036D190 /* ground_cottontree.usdz in Resources */ = {isa = PBXBuildFile; fileRef = 0EADEA542B7DEB0C0036D190 /* ground_cottontree.usdz */; };
		0EADEA5A2B7DEB0C0036D190 /* ground_none.usdz in Resources */ = {isa = PBXBuildFile; fileRef = 0EADEA552B7DEB0C0036D190 /* ground_none.usdz */; };
		0EADEA5B2B7DEB0C0036D190 /* ground_dandelion.usdz in Resources */ = {isa = PBXBuildFile; fileRef = 0EADEA562B7DEB0C0036D190 /* ground_dandelion.usdz */; };
		0EADEA5C2B7DEB0C0036D190 /* ground_cactus.usdz in Resources */ = {isa = PBXBuildFile; fileRef = 0EADEA572B7DEB0C0036D190 /* ground_cactus.usdz */; };
		0EADEA852B7DEB4F0036D190 /* FreesiaAnimation.scn in Resources */ = {isa = PBXBuildFile; fileRef = 0EADEA5E2B7DEB4F0036D190 /* FreesiaAnimation.scn */; };
		0EADEA8A2B7DEB4F0036D190 /* CottontreeAnimation1.scn in Resources */ = {isa = PBXBuildFile; fileRef = 0EADEA642B7DEB4F0036D190 /* CottontreeAnimation1.scn */; };
		0EADEA8B2B7DEB4F0036D190 /* CottontreeAnimation3.scn in Resources */ = {isa = PBXBuildFile; fileRef = 0EADEA652B7DEB4F0036D190 /* CottontreeAnimation3.scn */; };
		0EADEA8C2B7DEB4F0036D190 /* CottontreeAnimation2.scn in Resources */ = {isa = PBXBuildFile; fileRef = 0EADEA662B7DEB4F0036D190 /* CottontreeAnimation2.scn */; };
		0EADEA902B7DEB4F0036D190 /* CactusAnimation1.scn in Resources */ = {isa = PBXBuildFile; fileRef = 0EADEA6B2B7DEB4F0036D190 /* CactusAnimation1.scn */; };
		0EADEA912B7DEB4F0036D190 /* CactusAnimation2.scn in Resources */ = {isa = PBXBuildFile; fileRef = 0EADEA6C2B7DEB4F0036D190 /* CactusAnimation2.scn */; };
		0EADEA922B7DEB4F0036D190 /* CactusAnimation3.scn in Resources */ = {isa = PBXBuildFile; fileRef = 0EADEA6D2B7DEB4F0036D190 /* CactusAnimation3.scn */; };
		0EADEA962B7DEB4F0036D190 /* DandelionAnimation2.scn in Resources */ = {isa = PBXBuildFile; fileRef = 0EADEA722B7DEB4F0036D190 /* DandelionAnimation2.scn */; };
		0EADEA972B7DEB4F0036D190 /* DandelionAnimation3.scn in Resources */ = {isa = PBXBuildFile; fileRef = 0EADEA732B7DEB4F0036D190 /* DandelionAnimation3.scn */; };
		0EADEA982B7DEB4F0036D190 /* DandelionAnimation1.scn in Resources */ = {isa = PBXBuildFile; fileRef = 0EADEA742B7DEB4F0036D190 /* DandelionAnimation1.scn */; };
		0EADEA9A2B7DEB4F0036D190 /* Garden_CactusAnimation.scn in Resources */ = {isa = PBXBuildFile; fileRef = 0EADEA772B7DEB4F0036D190 /* Garden_CactusAnimation.scn */; };
		0EADEA9B2B7DEB4F0036D190 /* Garden_DandelionAnimation.scn in Resources */ = {isa = PBXBuildFile; fileRef = 0EADEA782B7DEB4F0036D190 /* Garden_DandelionAnimation.scn */; };
		0EADEA9D2B7DEB4F0036D190 /* Garden_MapleAnimation.scn in Resources */ = {isa = PBXBuildFile; fileRef = 0EADEA7A2B7DEB4F0036D190 /* Garden_MapleAnimation.scn */; };
		0EADEAA02B7DEB4F0036D190 /* Garden_CottontreeAnimation.scn in Resources */ = {isa = PBXBuildFile; fileRef = 0EADEA7D2B7DEB4F0036D190 /* Garden_CottontreeAnimation.scn */; };
		0EADEAA12B7DEB4F0036D190 /* MapleAnimation2.scn in Resources */ = {isa = PBXBuildFile; fileRef = 0EADEA7F2B7DEB4F0036D190 /* MapleAnimation2.scn */; };
		0EADEAA22B7DEB4F0036D190 /* MapleAnimation3.scn in Resources */ = {isa = PBXBuildFile; fileRef = 0EADEA802B7DEB4F0036D190 /* MapleAnimation3.scn */; };
		0EADEAA32B7DEB4F0036D190 /* MapleAnimation1.scn in Resources */ = {isa = PBXBuildFile; fileRef = 0EADEA812B7DEB4F0036D190 /* MapleAnimation1.scn */; };
		0EADEAB02B7DF4FD0036D190 /* InitFile.swift in Sources */ = {isa = PBXBuildFile; fileRef = 0EADEAAF2B7DF4FD0036D190 /* InitFile.swift */; };
		0EADEAB32B7DF5110036D190 /* InitFile.swift in Sources */ = {isa = PBXBuildFile; fileRef = 0EADEAB22B7DF5110036D190 /* InitFile.swift */; };
		0EEBB6C72B7DDA6E003E09C6 /* Emptypot.scn in Resources */ = {isa = PBXBuildFile; fileRef = 0EEBB6C62B7DDA6E003E09C6 /* Emptypot.scn */; };
		0EEBB6C92B7DEA60003E09C6 /* Bubble.scn in Resources */ = {isa = PBXBuildFile; fileRef = 0EEBB6C82B7DEA60003E09C6 /* Bubble.scn */; };
		0EEBB6CB2B7DEA65003E09C6 /* Gardenground.scn in Resources */ = {isa = PBXBuildFile; fileRef = 0EEBB6CA2B7DEA65003E09C6 /* Gardenground.scn */; };
		0EEBB6EC2B7DEAD7003E09C6 /* Freesia.dae in Resources */ = {isa = PBXBuildFile; fileRef = 0EEBB6D12B7DEAD6003E09C6 /* Freesia.dae */; };
		0EEBB6ED2B7DEAD7003E09C6 /* Cottontree1.dae in Resources */ = {isa = PBXBuildFile; fileRef = 0EEBB6D32B7DEAD7003E09C6 /* Cottontree1.dae */; };
		0EEBB6EE2B7DEAD7003E09C6 /* Cottontree3.dae in Resources */ = {isa = PBXBuildFile; fileRef = 0EEBB6D42B7DEAD7003E09C6 /* Cottontree3.dae */; };
		0EEBB6EF2B7DEAD7003E09C6 /* Cottontree2.dae in Resources */ = {isa = PBXBuildFile; fileRef = 0EEBB6D52B7DEAD7003E09C6 /* Cottontree2.dae */; };
		0EEBB6F02B7DEAD7003E09C6 /* Dandelion2.scn in Resources */ = {isa = PBXBuildFile; fileRef = 0EEBB6D72B7DEAD7003E09C6 /* Dandelion2.scn */; };
		0EEBB6F12B7DEAD7003E09C6 /* Dandelion3.scn in Resources */ = {isa = PBXBuildFile; fileRef = 0EEBB6D82B7DEAD7003E09C6 /* Dandelion3.scn */; };
		0EEBB6F22B7DEAD7003E09C6 /* dandelion.png in Resources */ = {isa = PBXBuildFile; fileRef = 0EEBB6D92B7DEAD7003E09C6 /* dandelion.png */; };
		0EEBB6F32B7DEAD7003E09C6 /* Dandelion1.scn in Resources */ = {isa = PBXBuildFile; fileRef = 0EEBB6DA2B7DEAD7003E09C6 /* Dandelion1.scn */; };
		0EEBB6F72B7DEAD7003E09C6 /* Cactus3.scn in Resources */ = {isa = PBXBuildFile; fileRef = 0EEBB6DF2B7DEAD7003E09C6 /* Cactus3.scn */; };
		0EEBB6F82B7DEAD7003E09C6 /* Cactus2.scn in Resources */ = {isa = PBXBuildFile; fileRef = 0EEBB6E02B7DEAD7003E09C6 /* Cactus2.scn */; };
		0EEBB6F92B7DEAD7003E09C6 /* Cactus1.scn in Resources */ = {isa = PBXBuildFile; fileRef = 0EEBB6E12B7DEAD7003E09C6 /* Cactus1.scn */; };
		0EEBB7002B7DEAD7003E09C6 /* Maple3.scn in Resources */ = {isa = PBXBuildFile; fileRef = 0EEBB6E92B7DEAD7003E09C6 /* Maple3.scn */; };
		0EEBB7012B7DEAD7003E09C6 /* Maple2.scn in Resources */ = {isa = PBXBuildFile; fileRef = 0EEBB6EA2B7DEAD7003E09C6 /* Maple2.scn */; };
		0EEBB7022B7DEAD7003E09C6 /* Maple1.scn in Resources */ = {isa = PBXBuildFile; fileRef = 0EEBB6EB2B7DEAD7003E09C6 /* Maple1.scn */; };
		0EF5FE962B4FC02100D64E5E /* ForestToriApp.swift in Sources */ = {isa = PBXBuildFile; fileRef = 0EF5FE952B4FC02100D64E5E /* ForestToriApp.swift */; };
		0EF5FE982B4FC02100D64E5E /* ContentView.swift in Sources */ = {isa = PBXBuildFile; fileRef = 0EF5FE972B4FC02100D64E5E /* ContentView.swift */; };
		0EF5FE9A2B4FC02200D64E5E /* Assets.xcassets in Resources */ = {isa = PBXBuildFile; fileRef = 0EF5FE992B4FC02200D64E5E /* Assets.xcassets */; };
		0EF5FE9D2B4FC02200D64E5E /* Preview Assets.xcassets in Resources */ = {isa = PBXBuildFile; fileRef = 0EF5FE9C2B4FC02200D64E5E /* Preview Assets.xcassets */; };
		0EF5FEA52B4FC0E700D64E5E /* .swiftlint.yml in Resources */ = {isa = PBXBuildFile; fileRef = 0EF5FEA42B4FC0E700D64E5E /* .swiftlint.yml */; };
		0EF5FEBF2B4FC47300D64E5E /* InitFile.swift in Sources */ = {isa = PBXBuildFile; fileRef = 0EF5FEBE2B4FC47300D64E5E /* InitFile.swift */; };
		5B7E02B02B5FE8DA0067B2FA /* SpringCharacter.csv in Resources */ = {isa = PBXBuildFile; fileRef = 5B7E02AF2B5FE8DA0067B2FA /* SpringCharacter.csv */; };
		5B7E02B32B5FE8E80067B2FA /* WinterCharacter.csv in Resources */ = {isa = PBXBuildFile; fileRef = 5B7E02B12B5FE8E80067B2FA /* WinterCharacter.csv */; };
		5B7E02B42B5FE8E80067B2FA /* SummerCharacter.csv in Resources */ = {isa = PBXBuildFile; fileRef = 5B7E02B22B5FE8E80067B2FA /* SummerCharacter.csv */; };
		5B7E02B62B5FE8EE0067B2FA /* AutumnCharacter.csv in Resources */ = {isa = PBXBuildFile; fileRef = 5B7E02B52B5FE8EE0067B2FA /* AutumnCharacter.csv */; };
		5BA395442B7252C00019A545 /* GameManager.swift in Sources */ = {isa = PBXBuildFile; fileRef = 5BA395432B7252C00019A545 /* GameManager.swift */; };
		5BA395572B7E2EE80019A545 /* Font+.swift in Sources */ = {isa = PBXBuildFile; fileRef = 5BA395562B7E2EE80019A545 /* Font+.swift */; };
		5BA395672B7F54E10019A545 /* Pretendard-Bold.ttf in Resources */ = {isa = PBXBuildFile; fileRef = 5BA395662B7F54E10019A545 /* Pretendard-Bold.ttf */; };
		5BA395692B7F54EE0019A545 /* Pretendard-SemiBold.ttf in Resources */ = {isa = PBXBuildFile; fileRef = 5BA395682B7F54EE0019A545 /* Pretendard-SemiBold.ttf */; };
		5BA3956B2B7F54F60019A545 /* Pretendard-Regular.ttf in Resources */ = {isa = PBXBuildFile; fileRef = 5BA3956A2B7F54F50019A545 /* Pretendard-Regular.ttf */; };
		5BA3956D2B7F55020019A545 /* Pretendard-Light.ttf in Resources */ = {isa = PBXBuildFile; fileRef = 5BA3956C2B7F55020019A545 /* Pretendard-Light.ttf */; };
		5BA931112B62602200F48AF1 /* User.swift in Sources */ = {isa = PBXBuildFile; fileRef = 5BA931102B62602200F48AF1 /* User.swift */; };
		5BA931132B62603200F48AF1 /* Plant.swift in Sources */ = {isa = PBXBuildFile; fileRef = 5BA931122B62603200F48AF1 /* Plant.swift */; };
		5BA931152B62604800F48AF1 /* Chapter.swift in Sources */ = {isa = PBXBuildFile; fileRef = 5BA931142B62604800F48AF1 /* Chapter.swift */; };
		5BA931172B62605D00F48AF1 /* Mission.swift in Sources */ = {isa = PBXBuildFile; fileRef = 5BA931162B62605D00F48AF1 /* Mission.swift */; };
		5BA931192B6260CC00F48AF1 /* DataManager.swift in Sources */ = {isa = PBXBuildFile; fileRef = 5BA931182B6260CC00F48AF1 /* DataManager.swift */; };
/* End PBXBuildFile section */

/* Begin PBXFileReference section */
		0E1AE6FD2B7E185B001C9A30 /* Font+.swift */ = {isa = PBXFileReference; fileEncoding = 4; lastKnownFileType = sourcecode.swift; path = "Font+.swift"; sourceTree = "<group>"; };
		0E1AE6FF2B7E1880001C9A30 /* MainView.swift */ = {isa = PBXFileReference; lastKnownFileType = sourcecode.swift; path = MainView.swift; sourceTree = "<group>"; };
		0E1AE7022B7E1892001C9A30 /* PlantView.swift */ = {isa = PBXFileReference; lastKnownFileType = sourcecode.swift; path = PlantView.swift; sourceTree = "<group>"; };
		0E1AE7042B7E18AF001C9A30 /* PlantPotView.swift */ = {isa = PBXFileReference; lastKnownFileType = sourcecode.swift; path = PlantPotView.swift; sourceTree = "<group>"; };
		0EADEA532B7DEB0C0036D190 /* ground_maple.usdz */ = {isa = PBXFileReference; lastKnownFileType = file.usdz; path = ground_maple.usdz; sourceTree = "<group>"; };
		0EADEA542B7DEB0C0036D190 /* ground_cottontree.usdz */ = {isa = PBXFileReference; lastKnownFileType = file.usdz; path = ground_cottontree.usdz; sourceTree = "<group>"; };
		0EADEA552B7DEB0C0036D190 /* ground_none.usdz */ = {isa = PBXFileReference; lastKnownFileType = file.usdz; path = ground_none.usdz; sourceTree = "<group>"; };
		0EADEA562B7DEB0C0036D190 /* ground_dandelion.usdz */ = {isa = PBXFileReference; lastKnownFileType = file.usdz; path = ground_dandelion.usdz; sourceTree = "<group>"; };
		0EADEA572B7DEB0C0036D190 /* ground_cactus.usdz */ = {isa = PBXFileReference; lastKnownFileType = file.usdz; path = ground_cactus.usdz; sourceTree = "<group>"; };
		0EADEA5E2B7DEB4F0036D190 /* FreesiaAnimation.scn */ = {isa = PBXFileReference; lastKnownFileType = file.bplist; path = FreesiaAnimation.scn; sourceTree = "<group>"; };
		0EADEA642B7DEB4F0036D190 /* CottontreeAnimation1.scn */ = {isa = PBXFileReference; lastKnownFileType = file.bplist; path = CottontreeAnimation1.scn; sourceTree = "<group>"; };
		0EADEA652B7DEB4F0036D190 /* CottontreeAnimation3.scn */ = {isa = PBXFileReference; lastKnownFileType = file.bplist; path = CottontreeAnimation3.scn; sourceTree = "<group>"; };
		0EADEA662B7DEB4F0036D190 /* CottontreeAnimation2.scn */ = {isa = PBXFileReference; lastKnownFileType = file.bplist; path = CottontreeAnimation2.scn; sourceTree = "<group>"; };
		0EADEA6B2B7DEB4F0036D190 /* CactusAnimation1.scn */ = {isa = PBXFileReference; lastKnownFileType = file.bplist; path = CactusAnimation1.scn; sourceTree = "<group>"; };
		0EADEA6C2B7DEB4F0036D190 /* CactusAnimation2.scn */ = {isa = PBXFileReference; lastKnownFileType = file.bplist; path = CactusAnimation2.scn; sourceTree = "<group>"; };
		0EADEA6D2B7DEB4F0036D190 /* CactusAnimation3.scn */ = {isa = PBXFileReference; lastKnownFileType = file.bplist; path = CactusAnimation3.scn; sourceTree = "<group>"; };
		0EADEA722B7DEB4F0036D190 /* DandelionAnimation2.scn */ = {isa = PBXFileReference; lastKnownFileType = file.bplist; path = DandelionAnimation2.scn; sourceTree = "<group>"; };
		0EADEA732B7DEB4F0036D190 /* DandelionAnimation3.scn */ = {isa = PBXFileReference; lastKnownFileType = file.bplist; path = DandelionAnimation3.scn; sourceTree = "<group>"; };
		0EADEA742B7DEB4F0036D190 /* DandelionAnimation1.scn */ = {isa = PBXFileReference; lastKnownFileType = file.bplist; path = DandelionAnimation1.scn; sourceTree = "<group>"; };
		0EADEA772B7DEB4F0036D190 /* Garden_CactusAnimation.scn */ = {isa = PBXFileReference; lastKnownFileType = file.bplist; path = Garden_CactusAnimation.scn; sourceTree = "<group>"; };
		0EADEA782B7DEB4F0036D190 /* Garden_DandelionAnimation.scn */ = {isa = PBXFileReference; lastKnownFileType = file.bplist; path = Garden_DandelionAnimation.scn; sourceTree = "<group>"; };
		0EADEA7A2B7DEB4F0036D190 /* Garden_MapleAnimation.scn */ = {isa = PBXFileReference; lastKnownFileType = file.bplist; path = Garden_MapleAnimation.scn; sourceTree = "<group>"; };
		0EADEA7D2B7DEB4F0036D190 /* Garden_CottontreeAnimation.scn */ = {isa = PBXFileReference; lastKnownFileType = file.bplist; path = Garden_CottontreeAnimation.scn; sourceTree = "<group>"; };
		0EADEA7F2B7DEB4F0036D190 /* MapleAnimation2.scn */ = {isa = PBXFileReference; lastKnownFileType = file.bplist; path = MapleAnimation2.scn; sourceTree = "<group>"; };
		0EADEA802B7DEB4F0036D190 /* MapleAnimation3.scn */ = {isa = PBXFileReference; lastKnownFileType = file.bplist; path = MapleAnimation3.scn; sourceTree = "<group>"; };
		0EADEA812B7DEB4F0036D190 /* MapleAnimation1.scn */ = {isa = PBXFileReference; lastKnownFileType = file.bplist; path = MapleAnimation1.scn; sourceTree = "<group>"; };
		0EADEAAF2B7DF4FD0036D190 /* InitFile.swift */ = {isa = PBXFileReference; lastKnownFileType = sourcecode.swift; path = InitFile.swift; sourceTree = "<group>"; };
		0EADEAB22B7DF5110036D190 /* InitFile.swift */ = {isa = PBXFileReference; lastKnownFileType = sourcecode.swift; path = InitFile.swift; sourceTree = "<group>"; };
		0EEBB6C62B7DDA6E003E09C6 /* Emptypot.scn */ = {isa = PBXFileReference; lastKnownFileType = file.bplist; path = Emptypot.scn; sourceTree = "<group>"; };
		0EEBB6C82B7DEA60003E09C6 /* Bubble.scn */ = {isa = PBXFileReference; lastKnownFileType = file.bplist; path = Bubble.scn; sourceTree = "<group>"; };
		0EEBB6CA2B7DEA65003E09C6 /* Gardenground.scn */ = {isa = PBXFileReference; lastKnownFileType = file.bplist; path = Gardenground.scn; sourceTree = "<group>"; };
		0EEBB6D12B7DEAD6003E09C6 /* Freesia.dae */ = {isa = PBXFileReference; fileEncoding = 4; lastKnownFileType = text.xml.dae; path = Freesia.dae; sourceTree = "<group>"; };
		0EEBB6D32B7DEAD7003E09C6 /* Cottontree1.dae */ = {isa = PBXFileReference; fileEncoding = 4; lastKnownFileType = text.xml.dae; path = Cottontree1.dae; sourceTree = "<group>"; };
		0EEBB6D42B7DEAD7003E09C6 /* Cottontree3.dae */ = {isa = PBXFileReference; fileEncoding = 4; lastKnownFileType = text.xml.dae; path = Cottontree3.dae; sourceTree = "<group>"; };
		0EEBB6D52B7DEAD7003E09C6 /* Cottontree2.dae */ = {isa = PBXFileReference; fileEncoding = 4; lastKnownFileType = text.xml.dae; path = Cottontree2.dae; sourceTree = "<group>"; };
		0EEBB6D72B7DEAD7003E09C6 /* Dandelion2.scn */ = {isa = PBXFileReference; lastKnownFileType = file.bplist; path = Dandelion2.scn; sourceTree = "<group>"; };
		0EEBB6D82B7DEAD7003E09C6 /* Dandelion3.scn */ = {isa = PBXFileReference; lastKnownFileType = file.bplist; path = Dandelion3.scn; sourceTree = "<group>"; };
		0EEBB6D92B7DEAD7003E09C6 /* dandelion.png */ = {isa = PBXFileReference; lastKnownFileType = image.png; path = dandelion.png; sourceTree = "<group>"; };
		0EEBB6DA2B7DEAD7003E09C6 /* Dandelion1.scn */ = {isa = PBXFileReference; lastKnownFileType = file.bplist; path = Dandelion1.scn; sourceTree = "<group>"; };
		0EEBB6DF2B7DEAD7003E09C6 /* Cactus3.scn */ = {isa = PBXFileReference; lastKnownFileType = file.bplist; path = Cactus3.scn; sourceTree = "<group>"; };
		0EEBB6E02B7DEAD7003E09C6 /* Cactus2.scn */ = {isa = PBXFileReference; lastKnownFileType = file.bplist; path = Cactus2.scn; sourceTree = "<group>"; };
		0EEBB6E12B7DEAD7003E09C6 /* Cactus1.scn */ = {isa = PBXFileReference; lastKnownFileType = file.bplist; path = Cactus1.scn; sourceTree = "<group>"; };
		0EEBB6E92B7DEAD7003E09C6 /* Maple3.scn */ = {isa = PBXFileReference; lastKnownFileType = file.bplist; path = Maple3.scn; sourceTree = "<group>"; };
		0EEBB6EA2B7DEAD7003E09C6 /* Maple2.scn */ = {isa = PBXFileReference; lastKnownFileType = file.bplist; path = Maple2.scn; sourceTree = "<group>"; };
		0EEBB6EB2B7DEAD7003E09C6 /* Maple1.scn */ = {isa = PBXFileReference; lastKnownFileType = file.bplist; path = Maple1.scn; sourceTree = "<group>"; };
		0EF5FE922B4FC02100D64E5E /* ForestTori.app */ = {isa = PBXFileReference; explicitFileType = wrapper.application; includeInIndex = 0; path = ForestTori.app; sourceTree = BUILT_PRODUCTS_DIR; };
		0EF5FE952B4FC02100D64E5E /* ForestToriApp.swift */ = {isa = PBXFileReference; lastKnownFileType = sourcecode.swift; path = ForestToriApp.swift; sourceTree = "<group>"; };
		0EF5FE972B4FC02100D64E5E /* ContentView.swift */ = {isa = PBXFileReference; lastKnownFileType = sourcecode.swift; path = ContentView.swift; sourceTree = "<group>"; };
		0EF5FE992B4FC02200D64E5E /* Assets.xcassets */ = {isa = PBXFileReference; lastKnownFileType = folder.assetcatalog; path = Assets.xcassets; sourceTree = "<group>"; };
		0EF5FE9C2B4FC02200D64E5E /* Preview Assets.xcassets */ = {isa = PBXFileReference; lastKnownFileType = folder.assetcatalog; path = "Preview Assets.xcassets"; sourceTree = "<group>"; };
		0EF5FEA42B4FC0E700D64E5E /* .swiftlint.yml */ = {isa = PBXFileReference; lastKnownFileType = text.yaml; path = .swiftlint.yml; sourceTree = "<group>"; };
		0EF5FEBE2B4FC47300D64E5E /* InitFile.swift */ = {isa = PBXFileReference; lastKnownFileType = sourcecode.swift; path = InitFile.swift; sourceTree = "<group>"; };
		5B7E02AF2B5FE8DA0067B2FA /* SpringCharacter.csv */ = {isa = PBXFileReference; fileEncoding = 4; lastKnownFileType = text; path = SpringCharacter.csv; sourceTree = "<group>"; };
		5B7E02B12B5FE8E80067B2FA /* WinterCharacter.csv */ = {isa = PBXFileReference; fileEncoding = 4; lastKnownFileType = text; path = WinterCharacter.csv; sourceTree = "<group>"; };
		5B7E02B22B5FE8E80067B2FA /* SummerCharacter.csv */ = {isa = PBXFileReference; fileEncoding = 4; lastKnownFileType = text; path = SummerCharacter.csv; sourceTree = "<group>"; };
		5B7E02B52B5FE8EE0067B2FA /* AutumnCharacter.csv */ = {isa = PBXFileReference; fileEncoding = 4; lastKnownFileType = text; path = AutumnCharacter.csv; sourceTree = "<group>"; };
		5BA395432B7252C00019A545 /* GameManager.swift */ = {isa = PBXFileReference; lastKnownFileType = sourcecode.swift; path = GameManager.swift; sourceTree = "<group>"; };
		5BA3954F2B7CF0900019A545 /* Font+.swift */ = {isa = PBXFileReference; lastKnownFileType = sourcecode.swift; path = "Font+.swift"; sourceTree = "<group>"; };
		5BA395562B7E2EE80019A545 /* Font+.swift */ = {isa = PBXFileReference; fileEncoding = 4; lastKnownFileType = sourcecode.swift; path = "Font+.swift"; sourceTree = "<group>"; };
		5BA395662B7F54E10019A545 /* Pretendard-Bold.ttf */ = {isa = PBXFileReference; lastKnownFileType = file; path = "Pretendard-Bold.ttf"; sourceTree = "<group>"; };
		5BA395682B7F54EE0019A545 /* Pretendard-SemiBold.ttf */ = {isa = PBXFileReference; lastKnownFileType = file; path = "Pretendard-SemiBold.ttf"; sourceTree = "<group>"; };
		5BA3956A2B7F54F50019A545 /* Pretendard-Regular.ttf */ = {isa = PBXFileReference; lastKnownFileType = file; path = "Pretendard-Regular.ttf"; sourceTree = "<group>"; };
		5BA3956C2B7F55020019A545 /* Pretendard-Light.ttf */ = {isa = PBXFileReference; lastKnownFileType = file; path = "Pretendard-Light.ttf"; sourceTree = "<group>"; };
		5BA931102B62602200F48AF1 /* User.swift */ = {isa = PBXFileReference; lastKnownFileType = sourcecode.swift; path = User.swift; sourceTree = "<group>"; };
		5BA931122B62603200F48AF1 /* Plant.swift */ = {isa = PBXFileReference; lastKnownFileType = sourcecode.swift; path = Plant.swift; sourceTree = "<group>"; };
		5BA931142B62604800F48AF1 /* Chapter.swift */ = {isa = PBXFileReference; lastKnownFileType = sourcecode.swift; path = Chapter.swift; sourceTree = "<group>"; };
		5BA931162B62605D00F48AF1 /* Mission.swift */ = {isa = PBXFileReference; lastKnownFileType = sourcecode.swift; path = Mission.swift; sourceTree = "<group>"; };
		5BA931182B6260CC00F48AF1 /* DataManager.swift */ = {isa = PBXFileReference; lastKnownFileType = sourcecode.swift; path = DataManager.swift; sourceTree = "<group>"; };
/* End PBXFileReference section */

/* Begin PBXFrameworksBuildPhase section */
		0EF5FE8F2B4FC02100D64E5E /* Frameworks */ = {
			isa = PBXFrameworksBuildPhase;
			buildActionMask = 2147483647;
			files = (
				0E2D96C52B635759006CAAC4 /* RealmSwift in Frameworks */,
				0E2D96C32B635759006CAAC4 /* Realm in Frameworks */,
			);
			runOnlyForDeploymentPostprocessing = 0;
		};
/* End PBXFrameworksBuildPhase section */

/* Begin PBXGroup section */
		0E1AE6FC2B7E182A001C9A30 /* Recovered References */ = {
			isa = PBXGroup;
			children = (
				5BA3954F2B7CF0900019A545 /* Font+.swift */,
			);
			name = "Recovered References";
			sourceTree = "<group>";
		};
		0E1AE7012B7E1883001C9A30 /* Main */ = {
			isa = PBXGroup;
			children = (
				0E1AE6FF2B7E1880001C9A30 /* MainView.swift */,
				0E1AE7022B7E1892001C9A30 /* PlantView.swift */,
				0E1AE7042B7E18AF001C9A30 /* PlantPotView.swift */,
			);
			path = Main;
			sourceTree = "<group>";
		};
		0EADEA5D2B7DEB4F0036D190 /* Freesia_WithAnimation */ = {
			isa = PBXGroup;
			children = (
				0EADEA5E2B7DEB4F0036D190 /* FreesiaAnimation.scn */,
			);
			path = Freesia_WithAnimation;
			sourceTree = "<group>";
		};
		0EADEA602B7DEB4F0036D190 /* Cottontree_WithAnimation */ = {
			isa = PBXGroup;
			children = (
				0EADEA642B7DEB4F0036D190 /* CottontreeAnimation1.scn */,
				0EADEA662B7DEB4F0036D190 /* CottontreeAnimation2.scn */,
				0EADEA652B7DEB4F0036D190 /* CottontreeAnimation3.scn */,
			);
			path = Cottontree_WithAnimation;
			sourceTree = "<group>";
		};
		0EADEA672B7DEB4F0036D190 /* Cactus_WithAnimation */ = {
			isa = PBXGroup;
			children = (
				0EADEA6B2B7DEB4F0036D190 /* CactusAnimation1.scn */,
				0EADEA6C2B7DEB4F0036D190 /* CactusAnimation2.scn */,
				0EADEA6D2B7DEB4F0036D190 /* CactusAnimation3.scn */,
			);
			path = Cactus_WithAnimation;
			sourceTree = "<group>";
		};
		0EADEA6E2B7DEB4F0036D190 /* Dandelion_WithAnimation */ = {
			isa = PBXGroup;
			children = (
				0EADEA742B7DEB4F0036D190 /* DandelionAnimation1.scn */,
				0EADEA722B7DEB4F0036D190 /* DandelionAnimation2.scn */,
				0EADEA732B7DEB4F0036D190 /* DandelionAnimation3.scn */,
			);
			path = Dandelion_WithAnimation;
			sourceTree = "<group>";
		};
		0EADEA752B7DEB4F0036D190 /* GardenPlant_WithAnimation */ = {
			isa = PBXGroup;
			children = (
				0EADEA772B7DEB4F0036D190 /* Garden_CactusAnimation.scn */,
				0EADEA782B7DEB4F0036D190 /* Garden_DandelionAnimation.scn */,
				0EADEA7A2B7DEB4F0036D190 /* Garden_MapleAnimation.scn */,
				0EADEA7D2B7DEB4F0036D190 /* Garden_CottontreeAnimation.scn */,
			);
			path = GardenPlant_WithAnimation;
			sourceTree = "<group>";
		};
		0EADEA7E2B7DEB4F0036D190 /* Maple_WithAnimation */ = {
			isa = PBXGroup;
			children = (
				0EADEA7F2B7DEB4F0036D190 /* MapleAnimation2.scn */,
				0EADEA802B7DEB4F0036D190 /* MapleAnimation3.scn */,
				0EADEA812B7DEB4F0036D190 /* MapleAnimation1.scn */,
			);
			path = Maple_WithAnimation;
			sourceTree = "<group>";
		};
		0EADEAAE2B7DF4E90036D190 /* Component */ = {
			isa = PBXGroup;
			children = (
				0EADEAAF2B7DF4FD0036D190 /* InitFile.swift */,
			);
			path = Component;
			sourceTree = "<group>";
		};
		0EADEAB12B7DF5060036D190 /* Modifier */ = {
			isa = PBXGroup;
			children = (
				0EADEAB22B7DF5110036D190 /* InitFile.swift */,
			);
			path = Modifier;
			sourceTree = "<group>";
		};
		0EADEAB42B7DF5140036D190 /* Extension */ = {
			isa = PBXGroup;
			children = (
				0E1AE6FD2B7E185B001C9A30 /* Font+.swift */,
			);
			path = Extension;
			sourceTree = "<group>";
		};
		0EEBB6C52B7DDA4B003E09C6 /* 3D_Objects */ = {
			isa = PBXGroup;
			children = (
				0EEBB6CC2B7DEA77003E09C6 /* 3D_Components */,
				0EEBB6CD2B7DEA8D003E09C6 /* 3D_Plants */,
				0EEBB6CE2B7DEA98003E09C6 /* AR_Objects */,
				0EEBB6CF2B7DEAB2003E09C6 /* WithAnimation */,
			);
			path = 3D_Objects;
			sourceTree = "<group>";
		};
		0EEBB6CC2B7DEA77003E09C6 /* 3D_Components */ = {
			isa = PBXGroup;
			children = (
				0EEBB6C62B7DDA6E003E09C6 /* Emptypot.scn */,
				0EEBB6C82B7DEA60003E09C6 /* Bubble.scn */,
				0EEBB6CA2B7DEA65003E09C6 /* Gardenground.scn */,
			);
			path = 3D_Components;
			sourceTree = "<group>";
		};
		0EEBB6CD2B7DEA8D003E09C6 /* 3D_Plants */ = {
			isa = PBXGroup;
			children = (
				0EEBB6D02B7DEAD6003E09C6 /* Freesia */,
				0EEBB6D62B7DEAD7003E09C6 /* Dandelion */,
				0EEBB6DE2B7DEAD7003E09C6 /* Cactus */,
				0EEBB6E52B7DEAD7003E09C6 /* Maple */,
				0EEBB6D22B7DEAD7003E09C6 /* Cottontree */,
			);
			path = 3D_Plants;
			sourceTree = "<group>";
		};
		0EEBB6CE2B7DEA98003E09C6 /* AR_Objects */ = {
			isa = PBXGroup;
			children = (
				0EADEA572B7DEB0C0036D190 /* ground_cactus.usdz */,
				0EADEA542B7DEB0C0036D190 /* ground_cottontree.usdz */,
				0EADEA562B7DEB0C0036D190 /* ground_dandelion.usdz */,
				0EADEA532B7DEB0C0036D190 /* ground_maple.usdz */,
				0EADEA552B7DEB0C0036D190 /* ground_none.usdz */,
			);
			path = AR_Objects;
			sourceTree = "<group>";
		};
		0EEBB6CF2B7DEAB2003E09C6 /* WithAnimation */ = {
			isa = PBXGroup;
			children = (
				0EADEA5D2B7DEB4F0036D190 /* Freesia_WithAnimation */,
				0EADEA6E2B7DEB4F0036D190 /* Dandelion_WithAnimation */,
				0EADEA672B7DEB4F0036D190 /* Cactus_WithAnimation */,
				0EADEA7E2B7DEB4F0036D190 /* Maple_WithAnimation */,
				0EADEA602B7DEB4F0036D190 /* Cottontree_WithAnimation */,
				0EADEA752B7DEB4F0036D190 /* GardenPlant_WithAnimation */,
			);
			path = WithAnimation;
			sourceTree = "<group>";
		};
		0EEBB6D02B7DEAD6003E09C6 /* Freesia */ = {
			isa = PBXGroup;
			children = (
				0EEBB6D12B7DEAD6003E09C6 /* Freesia.dae */,
			);
			path = Freesia;
			sourceTree = "<group>";
		};
		0EEBB6D22B7DEAD7003E09C6 /* Cottontree */ = {
			isa = PBXGroup;
			children = (
				0EEBB6D32B7DEAD7003E09C6 /* Cottontree1.dae */,
				0EEBB6D52B7DEAD7003E09C6 /* Cottontree2.dae */,
				0EEBB6D42B7DEAD7003E09C6 /* Cottontree3.dae */,
			);
			path = Cottontree;
			sourceTree = "<group>";
		};
		0EEBB6D62B7DEAD7003E09C6 /* Dandelion */ = {
			isa = PBXGroup;
			children = (
				0EEBB6DA2B7DEAD7003E09C6 /* Dandelion1.scn */,
				0EEBB6D72B7DEAD7003E09C6 /* Dandelion2.scn */,
				0EEBB6D82B7DEAD7003E09C6 /* Dandelion3.scn */,
				0EEBB6D92B7DEAD7003E09C6 /* dandelion.png */,
			);
			path = Dandelion;
			sourceTree = "<group>";
		};
		0EEBB6DE2B7DEAD7003E09C6 /* Cactus */ = {
			isa = PBXGroup;
			children = (
				0EEBB6E12B7DEAD7003E09C6 /* Cactus1.scn */,
				0EEBB6E02B7DEAD7003E09C6 /* Cactus2.scn */,
				0EEBB6DF2B7DEAD7003E09C6 /* Cactus3.scn */,
			);
			path = Cactus;
			sourceTree = "<group>";
		};
		0EEBB6E52B7DEAD7003E09C6 /* Maple */ = {
			isa = PBXGroup;
			children = (
				0EEBB6EB2B7DEAD7003E09C6 /* Maple1.scn */,
				0EEBB6EA2B7DEAD7003E09C6 /* Maple2.scn */,
				0EEBB6E92B7DEAD7003E09C6 /* Maple3.scn */,
			);
			path = Maple;
			sourceTree = "<group>";
		};
		0EF5FE892B4FC02100D64E5E = {
			isa = PBXGroup;
			children = (
				0EF5FE942B4FC02100D64E5E /* ForestTori */,
				0EF5FE932B4FC02100D64E5E /* Products */,
				0E1AE6FC2B7E182A001C9A30 /* Recovered References */,
			);
			sourceTree = "<group>";
		};
		0EF5FE932B4FC02100D64E5E /* Products */ = {
			isa = PBXGroup;
			children = (
				0EF5FE922B4FC02100D64E5E /* ForestTori.app */,
			);
			name = Products;
			sourceTree = "<group>";
		};
		0EF5FE942B4FC02100D64E5E /* ForestTori */ = {
			isa = PBXGroup;
			children = (
				0EF5FE952B4FC02100D64E5E /* ForestToriApp.swift */,
				0EF5FEC02B4FC4A300D64E5E /* Source */,
				0EF5FEA62B4FC2DF00D64E5E /* Resource */,
				0EF5FE9B2B4FC02200D64E5E /* Preview Content */,
				0EF5FEA42B4FC0E700D64E5E /* .swiftlint.yml */,
			);
			path = ForestTori;
			sourceTree = "<group>";
		};
		0EF5FE9B2B4FC02200D64E5E /* Preview Content */ = {
			isa = PBXGroup;
			children = (
				0EF5FE9C2B4FC02200D64E5E /* Preview Assets.xcassets */,
			);
			path = "Preview Content";
			sourceTree = "<group>";
		};
		0EF5FEA62B4FC2DF00D64E5E /* Resource */ = {
			isa = PBXGroup;
			children = (
				5BA395652B7F549D0019A545 /* Pretendard */,
				5B7E02AE2B5FE8BE0067B2FA /* CharacterDialogues */,
				0EEBB6C52B7DDA4B003E09C6 /* 3D_Objects */,
				0EF5FE992B4FC02200D64E5E /* Assets.xcassets */,
			);
			path = Resource;
			sourceTree = "<group>";
		};
		0EF5FEA72B4FC2F500D64E5E /* View */ = {
			isa = PBXGroup;
			children = (
				0EF5FE972B4FC02100D64E5E /* ContentView.swift */,
				0E1AE7012B7E1883001C9A30 /* Main */,
			);
			path = View;
			sourceTree = "<group>";
		};
		0EF5FEA82B4FC2FC00D64E5E /* ViewModel */ = {
			isa = PBXGroup;
			children = (
				0EF5FEBE2B4FC47300D64E5E /* InitFile.swift */,
			);
			path = ViewModel;
			sourceTree = "<group>";
		};
		0EF5FEA92B4FC30300D64E5E /* Model */ = {
			isa = PBXGroup;
			children = (
				5BA931102B62602200F48AF1 /* User.swift */,
				5BA931122B62603200F48AF1 /* Plant.swift */,
				5BA931182B6260CC00F48AF1 /* DataManager.swift */,
				5BA931142B62604800F48AF1 /* Chapter.swift */,
				5BA931162B62605D00F48AF1 /* Mission.swift */,
				5BA395432B7252C00019A545 /* GameManager.swift */,
			);
			path = Model;
			sourceTree = "<group>";
		};
		0EF5FEAA2B4FC39300D64E5E /* Utils */ = {
			isa = PBXGroup;
			children = (
				0EADEAAE2B7DF4E90036D190 /* Component */,
				0EADEAB42B7DF5140036D190 /* Extension */,
				0EADEAB12B7DF5060036D190 /* Modifier */,
			);
			path = Utils;
			sourceTree = "<group>";
		};
		0EF5FEC02B4FC4A300D64E5E /* Source */ = {
			isa = PBXGroup;
			children = (
				0EF5FEA72B4FC2F500D64E5E /* View */,
				0EF5FEA82B4FC2FC00D64E5E /* ViewModel */,
				0EF5FEA92B4FC30300D64E5E /* Model */,
				0EF5FEAA2B4FC39300D64E5E /* Utils */,
			);
			path = Source;
			sourceTree = "<group>";
		};
		5B7E02AE2B5FE8BE0067B2FA /* CharacterDialogues */ = {
			isa = PBXGroup;
			children = (
				5B7E02B52B5FE8EE0067B2FA /* AutumnCharacter.csv */,
				5B7E02B22B5FE8E80067B2FA /* SummerCharacter.csv */,
				5B7E02B12B5FE8E80067B2FA /* WinterCharacter.csv */,
				5B7E02AF2B5FE8DA0067B2FA /* SpringCharacter.csv */,
			);
			path = CharacterDialogues;
			sourceTree = "<group>";
		};
		5BA395552B7E2E5C0019A545 /* Recovered References */ = {
			isa = PBXGroup;
			children = (
				5BA3954F2B7CF0900019A545 /* Font+.swift */,
			);
			name = "Recovered References";
			sourceTree = "<group>";
		};
		5BA395652B7F549D0019A545 /* Pretendard */ = {
			isa = PBXGroup;
			children = (
				5BA3956C2B7F55020019A545 /* Pretendard-Light.ttf */,
				5BA3956A2B7F54F50019A545 /* Pretendard-Regular.ttf */,
				5BA395682B7F54EE0019A545 /* Pretendard-SemiBold.ttf */,
				5BA395662B7F54E10019A545 /* Pretendard-Bold.ttf */,
			);
			path = Pretendard;
			sourceTree = "<group>";
		};
/* End PBXGroup section */

/* Begin PBXNativeTarget section */
		0EF5FE912B4FC02100D64E5E /* ForestTori */ = {
			isa = PBXNativeTarget;
			buildConfigurationList = 0EF5FEA02B4FC02200D64E5E /* Build configuration list for PBXNativeTarget "ForestTori" */;
			buildPhases = (
				0EF5FEA32B4FC06000D64E5E /* SwiftLint Script */,
				0EF5FE8E2B4FC02100D64E5E /* Sources */,
				0EF5FE8F2B4FC02100D64E5E /* Frameworks */,
				0EF5FE902B4FC02100D64E5E /* Resources */,
			);
			buildRules = (
			);
			dependencies = (
			);
			name = ForestTori;
			packageProductDependencies = (
				0E2D96C22B635759006CAAC4 /* Realm */,
				0E2D96C42B635759006CAAC4 /* RealmSwift */,
			);
			productName = ForestTori;
			productReference = 0EF5FE922B4FC02100D64E5E /* ForestTori.app */;
			productType = "com.apple.product-type.application";
		};
/* End PBXNativeTarget section */

/* Begin PBXProject section */
		0EF5FE8A2B4FC02100D64E5E /* Project object */ = {
			isa = PBXProject;
			attributes = {
				BuildIndependentTargetsInParallel = 1;
				LastSwiftUpdateCheck = 1520;
				LastUpgradeCheck = 1520;
				TargetAttributes = {
					0EF5FE912B4FC02100D64E5E = {
						CreatedOnToolsVersion = 15.2;
					};
				};
			};
			buildConfigurationList = 0EF5FE8D2B4FC02100D64E5E /* Build configuration list for PBXProject "ForestTori" */;
			compatibilityVersion = "Xcode 14.0";
			developmentRegion = en;
			hasScannedForEncodings = 0;
			knownRegions = (
				en,
				Base,
			);
			mainGroup = 0EF5FE892B4FC02100D64E5E;
			packageReferences = (
				0E2D96C12B635759006CAAC4 /* XCRemoteSwiftPackageReference "realm-swift" */,
			);
			productRefGroup = 0EF5FE932B4FC02100D64E5E /* Products */;
			projectDirPath = "";
			projectRoot = "";
			targets = (
				0EF5FE912B4FC02100D64E5E /* ForestTori */,
			);
		};
/* End PBXProject section */

/* Begin PBXResourcesBuildPhase section */
		0EF5FE902B4FC02100D64E5E /* Resources */ = {
			isa = PBXResourcesBuildPhase;
			buildActionMask = 2147483647;
			files = (
				0EADEA912B7DEB4F0036D190 /* CactusAnimation2.scn in Resources */,
				0EEBB6ED2B7DEAD7003E09C6 /* Cottontree1.dae in Resources */,
				0EEBB6EE2B7DEAD7003E09C6 /* Cottontree3.dae in Resources */,
				5BA395672B7F54E10019A545 /* Pretendard-Bold.ttf in Resources */,
				0EEBB6C92B7DEA60003E09C6 /* Bubble.scn in Resources */,
				0EADEA982B7DEB4F0036D190 /* DandelionAnimation1.scn in Resources */,
				0EADEA902B7DEB4F0036D190 /* CactusAnimation1.scn in Resources */,
				0EEBB7022B7DEAD7003E09C6 /* Maple1.scn in Resources */,
				5BA3956D2B7F55020019A545 /* Pretendard-Light.ttf in Resources */,
				0EEBB6F02B7DEAD7003E09C6 /* Dandelion2.scn in Resources */,
				0EF5FEA52B4FC0E700D64E5E /* .swiftlint.yml in Resources */,
				5B7E02B42B5FE8E80067B2FA /* SummerCharacter.csv in Resources */,
				0EEBB6F22B7DEAD7003E09C6 /* dandelion.png in Resources */,
				0EADEA8C2B7DEB4F0036D190 /* CottontreeAnimation2.scn in Resources */,
				0EEBB6F12B7DEAD7003E09C6 /* Dandelion3.scn in Resources */,
				5B7E02B02B5FE8DA0067B2FA /* SpringCharacter.csv in Resources */,
				5BA3956B2B7F54F60019A545 /* Pretendard-Regular.ttf in Resources */,
				5B7E02B32B5FE8E80067B2FA /* WinterCharacter.csv in Resources */,
				0EEBB6F32B7DEAD7003E09C6 /* Dandelion1.scn in Resources */,
				0EADEA922B7DEB4F0036D190 /* CactusAnimation3.scn in Resources */,
				0EEBB7012B7DEAD7003E09C6 /* Maple2.scn in Resources */,
				0EADEA852B7DEB4F0036D190 /* FreesiaAnimation.scn in Resources */,
				0EADEA582B7DEB0C0036D190 /* ground_maple.usdz in Resources */,
				0EADEA9A2B7DEB4F0036D190 /* Garden_CactusAnimation.scn in Resources */,
				0EEBB6CB2B7DEA65003E09C6 /* Gardenground.scn in Resources */,
				0EADEA5A2B7DEB0C0036D190 /* ground_none.usdz in Resources */,
				5BA395692B7F54EE0019A545 /* Pretendard-SemiBold.ttf in Resources */,
				0EADEA8A2B7DEB4F0036D190 /* CottontreeAnimation1.scn in Resources */,
				0EEBB6F92B7DEAD7003E09C6 /* Cactus1.scn in Resources */,
				0EADEAA22B7DEB4F0036D190 /* MapleAnimation3.scn in Resources */,
				0EADEA5B2B7DEB0C0036D190 /* ground_dandelion.usdz in Resources */,
				0EADEA8B2B7DEB4F0036D190 /* CottontreeAnimation3.scn in Resources */,
				5B7E02B62B5FE8EE0067B2FA /* AutumnCharacter.csv in Resources */,
				0EADEAA32B7DEB4F0036D190 /* MapleAnimation1.scn in Resources */,
				0EEBB6C72B7DDA6E003E09C6 /* Emptypot.scn in Resources */,
				0EEBB7002B7DEAD7003E09C6 /* Maple3.scn in Resources */,
				0EADEA972B7DEB4F0036D190 /* DandelionAnimation3.scn in Resources */,
				0EF5FE9D2B4FC02200D64E5E /* Preview Assets.xcassets in Resources */,
				0EADEA592B7DEB0C0036D190 /* ground_cottontree.usdz in Resources */,
				0EADEA9D2B7DEB4F0036D190 /* Garden_MapleAnimation.scn in Resources */,
				0EEBB6F72B7DEAD7003E09C6 /* Cactus3.scn in Resources */,
				0EADEA9B2B7DEB4F0036D190 /* Garden_DandelionAnimation.scn in Resources */,
				0EEBB6EF2B7DEAD7003E09C6 /* Cottontree2.dae in Resources */,
				0EADEAA02B7DEB4F0036D190 /* Garden_CottontreeAnimation.scn in Resources */,
				0EADEA5C2B7DEB0C0036D190 /* ground_cactus.usdz in Resources */,
				0EEBB6EC2B7DEAD7003E09C6 /* Freesia.dae in Resources */,
				0EADEAA12B7DEB4F0036D190 /* MapleAnimation2.scn in Resources */,
				0EADEA962B7DEB4F0036D190 /* DandelionAnimation2.scn in Resources */,
				0EF5FE9A2B4FC02200D64E5E /* Assets.xcassets in Resources */,
				0EEBB6F82B7DEAD7003E09C6 /* Cactus2.scn in Resources */,
			);
			runOnlyForDeploymentPostprocessing = 0;
		};
/* End PBXResourcesBuildPhase section */

/* Begin PBXShellScriptBuildPhase section */
		0EF5FEA32B4FC06000D64E5E /* SwiftLint Script */ = {
			isa = PBXShellScriptBuildPhase;
			alwaysOutOfDate = 1;
			buildActionMask = 2147483647;
			files = (
			);
			inputFileListPaths = (
			);
			inputPaths = (
			);
			name = "SwiftLint Script";
			outputFileListPaths = (
			);
			outputPaths = (
			);
			runOnlyForDeploymentPostprocessing = 0;
			shellPath = /bin/sh;
			shellScript = "export PATH=\"$PATH:/opt/homebrew/bin\"\nif which swiftlint > /dev/null; then\n  swiftlint\nelse\n  echo \"warning: SwiftLint not installed, download from https://github.com/realm/SwiftLint\"\nfi\n";
		};
/* End PBXShellScriptBuildPhase section */

/* Begin PBXSourcesBuildPhase section */
		0EF5FE8E2B4FC02100D64E5E /* Sources */ = {
			isa = PBXSourcesBuildPhase;
			buildActionMask = 2147483647;
			files = (
				5BA395442B7252C00019A545 /* GameManager.swift in Sources */,
				0E1AE7002B7E1880001C9A30 /* MainView.swift in Sources */,
				0E1AE7032B7E1892001C9A30 /* PlantView.swift in Sources */,
				0EF5FEBF2B4FC47300D64E5E /* InitFile.swift in Sources */,
				5BA931152B62604800F48AF1 /* Chapter.swift in Sources */,
				0EF5FE982B4FC02100D64E5E /* ContentView.swift in Sources */,
				5BA931132B62603200F48AF1 /* Plant.swift in Sources */,
				0E1AE7052B7E18AF001C9A30 /* PlantPotView.swift in Sources */,
				0EF5FE962B4FC02100D64E5E /* ForestToriApp.swift in Sources */,
				5BA931192B6260CC00F48AF1 /* DataManager.swift in Sources */,
				0E1AE6FE2B7E185B001C9A30 /* Font+.swift in Sources */,
				0EADEAB02B7DF4FD0036D190 /* InitFile.swift in Sources */,
				0EADEAB32B7DF5110036D190 /* InitFile.swift in Sources */,
				5BA931172B62605D00F48AF1 /* Mission.swift in Sources */,
				5BA931112B62602200F48AF1 /* User.swift in Sources */,
			);
			runOnlyForDeploymentPostprocessing = 0;
		};
/* End PBXSourcesBuildPhase section */

/* Begin XCBuildConfiguration section */
		0EF5FE9E2B4FC02200D64E5E /* Debug */ = {
			isa = XCBuildConfiguration;
			buildSettings = {
				ALWAYS_SEARCH_USER_PATHS = NO;
				ASSETCATALOG_COMPILER_GENERATE_SWIFT_ASSET_SYMBOL_EXTENSIONS = YES;
				CLANG_ANALYZER_NONNULL = YES;
				CLANG_ANALYZER_NUMBER_OBJECT_CONVERSION = YES_AGGRESSIVE;
				CLANG_CXX_LANGUAGE_STANDARD = "gnu++20";
				CLANG_ENABLE_MODULES = YES;
				CLANG_ENABLE_OBJC_ARC = YES;
				CLANG_ENABLE_OBJC_WEAK = YES;
				CLANG_WARN_BLOCK_CAPTURE_AUTORELEASING = YES;
				CLANG_WARN_BOOL_CONVERSION = YES;
				CLANG_WARN_COMMA = YES;
				CLANG_WARN_CONSTANT_CONVERSION = YES;
				CLANG_WARN_DEPRECATED_OBJC_IMPLEMENTATIONS = YES;
				CLANG_WARN_DIRECT_OBJC_ISA_USAGE = YES_ERROR;
				CLANG_WARN_DOCUMENTATION_COMMENTS = YES;
				CLANG_WARN_EMPTY_BODY = YES;
				CLANG_WARN_ENUM_CONVERSION = YES;
				CLANG_WARN_INFINITE_RECURSION = YES;
				CLANG_WARN_INT_CONVERSION = YES;
				CLANG_WARN_NON_LITERAL_NULL_CONVERSION = YES;
				CLANG_WARN_OBJC_IMPLICIT_RETAIN_SELF = YES;
				CLANG_WARN_OBJC_LITERAL_CONVERSION = YES;
				CLANG_WARN_OBJC_ROOT_CLASS = YES_ERROR;
				CLANG_WARN_QUOTED_INCLUDE_IN_FRAMEWORK_HEADER = YES;
				CLANG_WARN_RANGE_LOOP_ANALYSIS = YES;
				CLANG_WARN_STRICT_PROTOTYPES = YES;
				CLANG_WARN_SUSPICIOUS_MOVE = YES;
				CLANG_WARN_UNGUARDED_AVAILABILITY = YES_AGGRESSIVE;
				CLANG_WARN_UNREACHABLE_CODE = YES;
				CLANG_WARN__DUPLICATE_METHOD_MATCH = YES;
				COPY_PHASE_STRIP = NO;
				DEBUG_INFORMATION_FORMAT = dwarf;
				ENABLE_STRICT_OBJC_MSGSEND = YES;
				ENABLE_TESTABILITY = YES;
				ENABLE_USER_SCRIPT_SANDBOXING = YES;
				GCC_C_LANGUAGE_STANDARD = gnu17;
				GCC_DYNAMIC_NO_PIC = NO;
				GCC_NO_COMMON_BLOCKS = YES;
				GCC_OPTIMIZATION_LEVEL = 0;
				GCC_PREPROCESSOR_DEFINITIONS = (
					"DEBUG=1",
					"$(inherited)",
				);
				GCC_WARN_64_TO_32_BIT_CONVERSION = YES;
				GCC_WARN_ABOUT_RETURN_TYPE = YES_ERROR;
				GCC_WARN_UNDECLARED_SELECTOR = YES;
				GCC_WARN_UNINITIALIZED_AUTOS = YES_AGGRESSIVE;
				GCC_WARN_UNUSED_FUNCTION = YES;
				GCC_WARN_UNUSED_VARIABLE = YES;
				IPHONEOS_DEPLOYMENT_TARGET = 17.2;
				LOCALIZATION_PREFERS_STRING_CATALOGS = YES;
				MTL_ENABLE_DEBUG_INFO = INCLUDE_SOURCE;
				MTL_FAST_MATH = YES;
				ONLY_ACTIVE_ARCH = YES;
				SDKROOT = iphoneos;
				SWIFT_ACTIVE_COMPILATION_CONDITIONS = "DEBUG $(inherited)";
				SWIFT_OPTIMIZATION_LEVEL = "-Onone";
			};
			name = Debug;
		};
		0EF5FE9F2B4FC02200D64E5E /* Release */ = {
			isa = XCBuildConfiguration;
			buildSettings = {
				ALWAYS_SEARCH_USER_PATHS = NO;
				ASSETCATALOG_COMPILER_GENERATE_SWIFT_ASSET_SYMBOL_EXTENSIONS = YES;
				CLANG_ANALYZER_NONNULL = YES;
				CLANG_ANALYZER_NUMBER_OBJECT_CONVERSION = YES_AGGRESSIVE;
				CLANG_CXX_LANGUAGE_STANDARD = "gnu++20";
				CLANG_ENABLE_MODULES = YES;
				CLANG_ENABLE_OBJC_ARC = YES;
				CLANG_ENABLE_OBJC_WEAK = YES;
				CLANG_WARN_BLOCK_CAPTURE_AUTORELEASING = YES;
				CLANG_WARN_BOOL_CONVERSION = YES;
				CLANG_WARN_COMMA = YES;
				CLANG_WARN_CONSTANT_CONVERSION = YES;
				CLANG_WARN_DEPRECATED_OBJC_IMPLEMENTATIONS = YES;
				CLANG_WARN_DIRECT_OBJC_ISA_USAGE = YES_ERROR;
				CLANG_WARN_DOCUMENTATION_COMMENTS = YES;
				CLANG_WARN_EMPTY_BODY = YES;
				CLANG_WARN_ENUM_CONVERSION = YES;
				CLANG_WARN_INFINITE_RECURSION = YES;
				CLANG_WARN_INT_CONVERSION = YES;
				CLANG_WARN_NON_LITERAL_NULL_CONVERSION = YES;
				CLANG_WARN_OBJC_IMPLICIT_RETAIN_SELF = YES;
				CLANG_WARN_OBJC_LITERAL_CONVERSION = YES;
				CLANG_WARN_OBJC_ROOT_CLASS = YES_ERROR;
				CLANG_WARN_QUOTED_INCLUDE_IN_FRAMEWORK_HEADER = YES;
				CLANG_WARN_RANGE_LOOP_ANALYSIS = YES;
				CLANG_WARN_STRICT_PROTOTYPES = YES;
				CLANG_WARN_SUSPICIOUS_MOVE = YES;
				CLANG_WARN_UNGUARDED_AVAILABILITY = YES_AGGRESSIVE;
				CLANG_WARN_UNREACHABLE_CODE = YES;
				CLANG_WARN__DUPLICATE_METHOD_MATCH = YES;
				COPY_PHASE_STRIP = NO;
				DEBUG_INFORMATION_FORMAT = "dwarf-with-dsym";
				ENABLE_NS_ASSERTIONS = NO;
				ENABLE_STRICT_OBJC_MSGSEND = YES;
				ENABLE_USER_SCRIPT_SANDBOXING = YES;
				GCC_C_LANGUAGE_STANDARD = gnu17;
				GCC_NO_COMMON_BLOCKS = YES;
				GCC_WARN_64_TO_32_BIT_CONVERSION = YES;
				GCC_WARN_ABOUT_RETURN_TYPE = YES_ERROR;
				GCC_WARN_UNDECLARED_SELECTOR = YES;
				GCC_WARN_UNINITIALIZED_AUTOS = YES_AGGRESSIVE;
				GCC_WARN_UNUSED_FUNCTION = YES;
				GCC_WARN_UNUSED_VARIABLE = YES;
				IPHONEOS_DEPLOYMENT_TARGET = 17.2;
				LOCALIZATION_PREFERS_STRING_CATALOGS = YES;
				MTL_ENABLE_DEBUG_INFO = NO;
				MTL_FAST_MATH = YES;
				SDKROOT = iphoneos;
				SWIFT_COMPILATION_MODE = wholemodule;
				VALIDATE_PRODUCT = YES;
			};
			name = Release;
		};
		0EF5FEA12B4FC02200D64E5E /* Debug */ = {
			isa = XCBuildConfiguration;
			buildSettings = {
				ASSETCATALOG_COMPILER_APPICON_NAME = AppIcon;
				ASSETCATALOG_COMPILER_GLOBAL_ACCENT_COLOR_NAME = AccentColor;
				CODE_SIGN_STYLE = Automatic;
				CURRENT_PROJECT_VERSION = 1;
				DEVELOPMENT_ASSET_PATHS = "\"ForestTori/Preview Content\"";
				DEVELOPMENT_TEAM = HQS8MXQ7B5;
				ENABLE_PREVIEWS = YES;
				ENABLE_USER_SCRIPT_SANDBOXING = NO;
				GENERATE_INFOPLIST_FILE = YES;
				INFOPLIST_KEY_UIApplicationSceneManifest_Generation = YES;
				INFOPLIST_KEY_UIApplicationSupportsIndirectInputEvents = YES;
				INFOPLIST_KEY_UILaunchScreen_Generation = YES;
				INFOPLIST_KEY_UISupportedInterfaceOrientations_iPad = "UIInterfaceOrientationPortrait UIInterfaceOrientationPortraitUpsideDown UIInterfaceOrientationLandscapeLeft UIInterfaceOrientationLandscapeRight";
				INFOPLIST_KEY_UISupportedInterfaceOrientations_iPhone = "UIInterfaceOrientationPortrait UIInterfaceOrientationLandscapeLeft UIInterfaceOrientationLandscapeRight";
				LD_RUNPATH_SEARCH_PATHS = (
					"$(inherited)",
					"@executable_path/Frameworks",
				);
				MARKETING_VERSION = 1.0;
				PRODUCT_BUNDLE_IDENTIFIER = com.hyebin.ForestTori;
				PRODUCT_NAME = "$(TARGET_NAME)";
				SWIFT_EMIT_LOC_STRINGS = YES;
				SWIFT_VERSION = 5.0;
				TARGETED_DEVICE_FAMILY = "1,2";
			};
			name = Debug;
		};
		0EF5FEA22B4FC02200D64E5E /* Release */ = {
			isa = XCBuildConfiguration;
			buildSettings = {
				ASSETCATALOG_COMPILER_APPICON_NAME = AppIcon;
				ASSETCATALOG_COMPILER_GLOBAL_ACCENT_COLOR_NAME = AccentColor;
				CODE_SIGN_STYLE = Automatic;
				CURRENT_PROJECT_VERSION = 1;
				DEVELOPMENT_ASSET_PATHS = "\"ForestTori/Preview Content\"";
				DEVELOPMENT_TEAM = HQS8MXQ7B5;
				ENABLE_PREVIEWS = YES;
				ENABLE_USER_SCRIPT_SANDBOXING = NO;
				GENERATE_INFOPLIST_FILE = YES;
				INFOPLIST_KEY_UIApplicationSceneManifest_Generation = YES;
				INFOPLIST_KEY_UIApplicationSupportsIndirectInputEvents = YES;
				INFOPLIST_KEY_UILaunchScreen_Generation = YES;
				INFOPLIST_KEY_UISupportedInterfaceOrientations_iPad = "UIInterfaceOrientationPortrait UIInterfaceOrientationPortraitUpsideDown UIInterfaceOrientationLandscapeLeft UIInterfaceOrientationLandscapeRight";
				INFOPLIST_KEY_UISupportedInterfaceOrientations_iPhone = "UIInterfaceOrientationPortrait UIInterfaceOrientationLandscapeLeft UIInterfaceOrientationLandscapeRight";
				LD_RUNPATH_SEARCH_PATHS = (
					"$(inherited)",
					"@executable_path/Frameworks",
				);
				MARKETING_VERSION = 1.0;
				PRODUCT_BUNDLE_IDENTIFIER = com.hyebin.ForestTori;
				PRODUCT_NAME = "$(TARGET_NAME)";
				SWIFT_EMIT_LOC_STRINGS = YES;
				SWIFT_VERSION = 5.0;
				TARGETED_DEVICE_FAMILY = "1,2";
			};
			name = Release;
		};
/* End XCBuildConfiguration section */

/* Begin XCConfigurationList section */
		0EF5FE8D2B4FC02100D64E5E /* Build configuration list for PBXProject "ForestTori" */ = {
			isa = XCConfigurationList;
			buildConfigurations = (
				0EF5FE9E2B4FC02200D64E5E /* Debug */,
				0EF5FE9F2B4FC02200D64E5E /* Release */,
			);
			defaultConfigurationIsVisible = 0;
			defaultConfigurationName = Release;
		};
		0EF5FEA02B4FC02200D64E5E /* Build configuration list for PBXNativeTarget "ForestTori" */ = {
			isa = XCConfigurationList;
			buildConfigurations = (
				0EF5FEA12B4FC02200D64E5E /* Debug */,
				0EF5FEA22B4FC02200D64E5E /* Release */,
			);
			defaultConfigurationIsVisible = 0;
			defaultConfigurationName = Release;
		};
/* End XCConfigurationList section */

/* Begin XCRemoteSwiftPackageReference section */
		0E2D96C12B635759006CAAC4 /* XCRemoteSwiftPackageReference "realm-swift" */ = {
			isa = XCRemoteSwiftPackageReference;
			repositoryURL = "https://github.com/realm/realm-swift.git";
			requirement = {
				branch = master;
				kind = branch;
			};
		};
/* End XCRemoteSwiftPackageReference section */

/* Begin XCSwiftPackageProductDependency section */
		0E2D96C22B635759006CAAC4 /* Realm */ = {
			isa = XCSwiftPackageProductDependency;
			package = 0E2D96C12B635759006CAAC4 /* XCRemoteSwiftPackageReference "realm-swift" */;
			productName = Realm;
		};
		0E2D96C42B635759006CAAC4 /* RealmSwift */ = {
			isa = XCSwiftPackageProductDependency;
			package = 0E2D96C12B635759006CAAC4 /* XCRemoteSwiftPackageReference "realm-swift" */;
			productName = RealmSwift;
		};
/* End XCSwiftPackageProductDependency section */
	};
	rootObject = 0EF5FE8A2B4FC02100D64E5E /* Project object */;
}
